
Microsoft Visual Studio Solution File, Format Version 12.00
# Visual Studio Version 16
VisualStudioVersion = 16.0.30804.86
MinimumVisualStudioVersion = 10.0.40219.1
Project("{FAE04EC0-301F-11D3-BF4B-00C04F79EFBC}") = "Git_Wpf", "Git_Wpf\Git_Wpf.csproj", "{372666F7-9744-4439-AADB-D65D27F272DB}"
EndProject
Global
	GlobalSection(SolutionConfigurationPlatforms) = preSolution
		Debug|Any CPU = Debug|Any CPU
		Release|Any CPU = Release|Any CPU
	EndGlobalSection
	GlobalSection(ProjectConfigurationPlatforms) = postSolution
		{372666F7-9744-4439-AADB-D65D27F272DB}.Debug|Any CPU.ActiveCfg = Debug|Any CPU
		{372666F7-9744-4439-AADB-D65D27F272DB}.Debug|Any CPU.Build.0 = Debug|Any CPU
		{372666F7-9744-4439-AADB-D65D27F272DB}.Release|Any CPU.ActiveCfg = Release|Any CPU
		{372666F7-9744-4439-AADB-D65D27F272DB}.Release|Any CPU.Build.0 = Release|Any CPU
	EndGlobalSection
	GlobalSection(SolutionProperties) = preSolution
		HideSolutionNode = FALSE
	EndGlobalSection
	GlobalSection(ExtensibilityGlobals) = postSolution
		SolutionGuid = {73DC9F8A-BEDC-4F05-9330-DDB3048722C8}
	EndGlobalSection
EndGlobal
